# THIS IS AN AUTOGENERATED FILE. DO NOT EDIT THIS FILE DIRECTLY.
# yarn lockfile v1


esbuild@^0.11.18:
  version "0.11.22"
  resolved "https://registry.yarnpkg.com/esbuild/-/esbuild-0.11.22.tgz#239009cc1519179c7a7000bc321482a1e74de999"
  integrity sha512-1e6BDytHzTxRlUOCe7M0+ZV5JqKARByHwz1iP5UNmxt2TEOyI8E/1gLLNCyaPjpXfCr1TThxTyFO9MjF5mFLvA==

esy@^0.6.10:
  version "0.6.10"
  resolved "https://registry.yarnpkg.com/esy/-/esy-0.6.10.tgz#918de2ad7e40793978c63b8216563408527cc25e"
  integrity sha512-O+mWNPB9NJqDr3CA1PUbWUO1ZSy53ksZWivGrvbquATR5INlp3CYguwkq4BzZACg1s1bVYyhr7byjB/l1nuGRA==

"ocaml-re@git://github.com/idkjs/ocaml-re.git#js":
  version "0.0.0"
  resolved "git://github.com/idkjs/ocaml-re.git#75c52290144a302582043a6dd8e9e3acce24ee3c"

seq@idkjs/seq.git:
  version "1.0.0"
  resolved "https://codeload.github.com/idkjs/seq/tar.gz/b4b2cbe3397eafb852d267c8a13bb43fc723e48d"
  dependencies:
    esbuild "^0.11.18"
    esy "^0.6.10"
